<Solution>
  <Project Path="Application/Application.csproj" Id="6a8b2c51-24e0-41f2-a382-dd190ec26dfb" />
  <Project Path="Domain/Domain.csproj" Id="4d0aeea1-9beb-4fa2-8d43-d2a60e24efb7" />
  <Project Path="dotnet-ecommerce-api/dotnet-ecommerce-api.csproj" />
  <Project Path="Infastructure/Infastructure.csproj" Id="72b57345-841c-4056-b9d0-ac325c97d3f7" />
</Solution>
